
Microsoft Visual Studio Solution File, Format Version 12.00
# Visual Studio Version 17
VisualStudioVersion = 17.2.32616.157
MinimumVisualStudioVersion = 10.0.40219.1
Project("{9A19103F-16F7-4668-BE54-9A1E7A4F7556}") = "BulkyBookWeb", "BulkyBookWeb\BulkyBookWeb.csproj", "{A6DD51B1-BD07-45D3-808D-FAB530B9282E}"
EndProject
Project("{FAE04EC0-301F-11D3-BF4B-00C04F79EFBC}") = "BulkyBook.DataAccess", "BulkyBook.DataAccess\BulkyBook.DataAccess.csproj", "{DB2007C2-B0EA-4586-8A72-196E3EA85AFD}"
EndProject
Project("{FAE04EC0-301F-11D3-BF4B-00C04F79EFBC}") = "BulkyBook.Models", "BulkyBook.Models\BulkyBook.Models.csproj", "{39D31425-9B3B-40B3-B93D-35C51E9DA8E9}"
EndProject
Project("{FAE04EC0-301F-11D3-BF4B-00C04F79EFBC}") = "BulkyBook.Utility", "BulkyBook.Utility\BulkyBook.Utility.csproj", "{DAC8716F-6D21-4411-838E-A086F074315C}"
EndProject
Global
	GlobalSection(SolutionConfigurationPlatforms) = preSolution
		Debug|Any CPU = Debug|Any CPU
		Release|Any CPU = Release|Any CPU
	EndGlobalSection
	GlobalSection(ProjectConfigurationPlatforms) = postSolution
		{A6DD51B1-BD07-45D3-808D-FAB530B9282E}.Debug|Any CPU.ActiveCfg = Debug|Any CPU
		{A6DD51B1-BD07-45D3-808D-FAB530B9282E}.Debug|Any CPU.Build.0 = Debug|Any CPU
		{A6DD51B1-BD07-45D3-808D-FAB530B9282E}.Release|Any CPU.ActiveCfg = Release|Any CPU
		{A6DD51B1-BD07-45D3-808D-FAB530B9282E}.Release|Any CPU.Build.0 = Release|Any CPU
		{DB2007C2-B0EA-4586-8A72-196E3EA85AFD}.Debug|Any CPU.ActiveCfg = Debug|Any CPU
		{DB2007C2-B0EA-4586-8A72-196E3EA85AFD}.Debug|Any CPU.Build.0 = Debug|Any CPU
		{DB2007C2-B0EA-4586-8A72-196E3EA85AFD}.Release|Any CPU.ActiveCfg = Release|Any CPU
		{DB2007C2-B0EA-4586-8A72-196E3EA85AFD}.Release|Any CPU.Build.0 = Release|Any CPU
		{39D31425-9B3B-40B3-B93D-35C51E9DA8E9}.Debug|Any CPU.ActiveCfg = Debug|Any CPU
		{39D31425-9B3B-40B3-B93D-35C51E9DA8E9}.Debug|Any CPU.Build.0 = Debug|Any CPU
		{39D31425-9B3B-40B3-B93D-35C51E9DA8E9}.Release|Any CPU.ActiveCfg = Release|Any CPU
		{39D31425-9B3B-40B3-B93D-35C51E9DA8E9}.Release|Any CPU.Build.0 = Release|Any CPU
		{DAC8716F-6D21-4411-838E-A086F074315C}.Debug|Any CPU.ActiveCfg = Debug|Any CPU
		{DAC8716F-6D21-4411-838E-A086F074315C}.Debug|Any CPU.Build.0 = Debug|Any CPU
		{DAC8716F-6D21-4411-838E-A086F074315C}.Release|Any CPU.ActiveCfg = Release|Any CPU
		{DAC8716F-6D21-4411-838E-A086F074315C}.Release|Any CPU.Build.0 = Release|Any CPU
	EndGlobalSection
	GlobalSection(SolutionProperties) = preSolution
		HideSolutionNode = FALSE
	EndGlobalSection
	GlobalSection(ExtensibilityGlobals) = postSolution
		SolutionGuid = {6576AB4B-5AF2-4839-924F-A0551F4AE7DC}
	EndGlobalSection
EndGlobal
